# THIS IS AN AUTOGENERATED FILE. DO NOT EDIT THIS FILE DIRECTLY.
# yarn lockfile v1


"@react-navigation/core@^7.8.5":
  version "7.8.5"
  resolved "https://registry.yarnpkg.com/@react-navigation/core/-/core-7.8.5.tgz#3ea29c75da1e5e6552b3be91a085092eddf6be83"
  integrity sha512-xDUXs6NI6ASiZgf53I7NPG0iJVGClPL5O3r8ddOCkS6fhVmPRun64m2zxUWnPcxtheFNTFfQ1IXH+gcenTcv/w==
  dependencies:
    "@react-navigation/routers" "^7.3.5"
    escape-string-regexp "^4.0.0"
    nanoid "3.3.8"
    query-string "^7.1.3"
    react-is "^18.2.0"
    use-latest-callback "^0.2.1"
    use-sync-external-store "^1.2.2"

"@react-navigation/native@^7.1.6":
  version "7.1.6"
  resolved "https://registry.yarnpkg.com/@react-navigation/native/-/native-7.1.6.tgz#0b51e543ad37348000f856959faf295aa129cd93"
  integrity sha512-XcfygfHDfAgf2iC4rNBc67Yy0M1aYRGNeNKqja5AJPFZoBQhAEAxKCwHsH4g3qU0zIbzLCthoSl5107dBjoeZw==
  dependencies:
    "@react-navigation/core" "^7.8.5"
    escape-string-regexp "^4.0.0"
    fast-deep-equal "^3.1.3"
    nanoid "3.3.8"
    use-latest-callback "^0.2.1"

"@react-navigation/routers@^7.3.5":
  version "7.3.5"
  resolved "https://registry.yarnpkg.com/@react-navigation/routers/-/routers-7.3.5.tgz#91673f18000d81106e401982c5f33a0f65e95fca"
  integrity sha512-SBh/3G7pURIQfIwG4OnAfLvq0E4+l1Ii6577z22cIhWIrTOHFXg0rMxC7ft/amzxYn+iG2nYa4dONRd+xIs+yg==
  dependencies:
    nanoid "3.3.8"

decode-uri-component@^0.2.2:
  version "0.2.2"
  resolved "https://registry.yarnpkg.com/decode-uri-component/-/decode-uri-component-0.2.2.tgz#e69dbe25d37941171dd540e024c444cd5188e1e9"
  integrity sha512-FqUYQ+8o158GyGTrMFJms9qh3CqTKvAqgqsTnkLI8sKu0028orqBhxNMFkFen0zGyg6epACD32pjVk58ngIErQ==

escape-string-regexp@^4.0.0:
  version "4.0.0"
  resolved "https://registry.yarnpkg.com/escape-string-regexp/-/escape-string-regexp-4.0.0.tgz#14ba83a5d373e3d311e5afca29cf5bfad965bf34"
  integrity sha512-TtpcNJ3XAzx3Gq8sWRzJaVajRs0uVxA2YAkdb1jm2YkPz4G6egUFAyA3n5vtEIZefPk5Wa4UXbKuS5fKkJWdgA==

fast-deep-equal@^3.1.3:
  version "3.1.3"
  resolved "https://registry.yarnpkg.com/fast-deep-equal/-/fast-deep-equal-3.1.3.tgz#3a7d56b559d6cbc3eb512325244e619a65c6c525"
  integrity sha512-f3qQ9oQy9j2AhBe/H9VC91wLmKBCCU/gDOnKNAYG5hswO7BLKj09Hc5HYNz9cGI++xlpDCIgDaitVs03ATR84Q==

filter-obj@^1.1.0:
  version "1.1.0"
  resolved "https://registry.yarnpkg.com/filter-obj/-/filter-obj-1.1.0.tgz#9b311112bc6c6127a16e016c6c5d7f19e0805c5b"
  integrity sha512-8rXg1ZnX7xzy2NGDVkBVaAy+lSlPNwad13BtgSlLuxfIslyt5Vg64U7tFcCt4WS1R0hvtnQybT/IyCkGZ3DpXQ==

nanoid@3.3.8:
  version "3.3.8"
  resolved "https://registry.yarnpkg.com/nanoid/-/nanoid-3.3.8.tgz#b1be3030bee36aaff18bacb375e5cce521684baf"
  integrity sha512-WNLf5Sd8oZxOm+TzppcYk8gVOgP+l58xNy58D0nbUnOxOWRWvlcCV4kUF7ltmI6PsrLl/BgKEyS4mqsGChFN0w==

query-string@^7.1.3:
  version "7.1.3"
  resolved "https://registry.yarnpkg.com/query-string/-/query-string-7.1.3.tgz#a1cf90e994abb113a325804a972d98276fe02328"
  integrity sha512-hh2WYhq4fi8+b+/2Kg9CEge4fDPvHS534aOOvOZeQ3+Vf2mCFsaFBYj0i+iXcAq6I9Vzp5fjMFBlONvayDC1qg==
  dependencies:
    decode-uri-component "^0.2.2"
    filter-obj "^1.1.0"
    split-on-first "^1.0.0"
    strict-uri-encode "^2.0.0"

react-is@^18.2.0:
  version "18.3.1"
  resolved "https://registry.yarnpkg.com/react-is/-/react-is-18.3.1.tgz#e83557dc12eae63a99e003a46388b1dcbb44db7e"
  integrity sha512-/LLMVyas0ljjAtoYiPqYiL8VWXzUUdThrmU5+n20DZv+a+ClRoevUzw5JxU+Ieh5/c87ytoTBV9G1FiKfNJdmg==

split-on-first@^1.0.0:
  version "1.1.0"
  resolved "https://registry.yarnpkg.com/split-on-first/-/split-on-first-1.1.0.tgz#f610afeee3b12bce1d0c30425e76398b78249a5f"
  integrity sha512-43ZssAJaMusuKWL8sKUBQXHWOpq8d6CfN/u1p4gUzfJkM05C8rxTmYrkIPTXapZpORA6LkkzcUulJ8FqA7Uudw==

strict-uri-encode@^2.0.0:
  version "2.0.0"
  resolved "https://registry.yarnpkg.com/strict-uri-encode/-/strict-uri-encode-2.0.0.tgz#b9c7330c7042862f6b142dc274bbcc5866ce3546"
  integrity sha512-QwiXZgpRcKkhTj2Scnn++4PKtWsH0kpzZ62L2R6c/LUVYv7hVnZqcg2+sMuT6R7Jusu1vviK/MFsu6kNJfWlEQ==

use-latest-callback@^0.2.1:
  version "0.2.3"
  resolved "https://registry.yarnpkg.com/use-latest-callback/-/use-latest-callback-0.2.3.tgz#2d644d3063040b9bc2d4c55bb525a13ae3de9e16"
  integrity sha512-7vI3fBuyRcP91pazVboc4qu+6ZqM8izPWX9k7cRnT8hbD5svslcknsh3S9BUhaK11OmgTV4oWZZVSeQAiV53SQ==

use-sync-external-store@^1.2.2:
  version "1.5.0"
  resolved "https://registry.yarnpkg.com/use-sync-external-store/-/use-sync-external-store-1.5.0.tgz#55122e2a3edd2a6c106174c27485e0fd59bcfca0"
  integrity sha512-Rb46I4cGGVBmjamjphe8L/UnvJD+uPPtTkNvX5mZgqdbavhI4EbgIWJiIHXJ8bc/i9EQGPRh4DwEURJ552Do0A==
